<?xml version="1.0" encoding="utf-8"?>
<Project ToolsVersion="4.0" xmlns="http://schemas.microsoft.com/developer/msbuild/2003">
  <ItemGroup>
    <ClCompile Include="..\libzip\lib\zip_add.c">
      <Filter>source</Filter>
    </ClCompile>
    <ClCompile Include="..\libzip\lib\zip_add_dir.c">
      <Filter>source</Filter>
    </ClCompile>
    <ClCompile Include="..\libzip\lib\zip_add_entry.c">
      <Filter>source</Filter>
    </ClCompile>
    <ClCompile Include="..\libzip\lib\zip_algorithm_deflate.c">
      <Filter>source</Filter>
    </ClCompile>
    <ClCompile Include="..\libzip\lib\zip_buffer.c">
      <Filter>source</Filter>
    </ClCompile>
    <ClCompile Include="..\libzip\lib\zip_close.c">
      <Filter>source</Filter>
    </ClCompile>
    <ClCompile Include="..\libzip\lib\zip_crypto_win.c">
      <Filter>source</Filter>
    </ClCompile>
    <ClCompile Include="..\libzip\lib\zip_delete.c">
      <Filter>source</Filter>
    </ClCompile>
    <ClCompile Include="..\libzip\lib\zip_dir_add.c">
      <Filter>source</Filter>
    </ClCompile>
    <ClCompile Include="..\libzip\lib\zip_dirent.c">
      <Filter>source</Filter>
    </ClCompile>
    <ClCompile Include="..\libzip\lib\zip_discard.c">
      <Filter>source</Filter>
    </ClCompile>
    <ClCompile Include="..\libzip\lib\zip_entry.c">
      <Filter>source</Filter>
    </ClCompile>
    <ClCompile Include="..\libzip\lib\zip_err_str.c">
      <Filter>source</Filter>
    </ClCompile>
    <ClCompile Include="..\libzip\lib\zip_error.c">
      <Filter>source</Filter>
    </ClCompile>
    <ClCompile Include="..\libzip\lib\zip_error_clear.c">
      <Filter>source</Filter>
    </ClCompile>
    <ClCompile Include="..\libzip\lib\zip_error_get.c">
      <Filter>source</Filter>
    </ClCompile>
    <ClCompile Include="..\libzip\lib\zip_error_get_sys_type.c">
      <Filter>source</Filter>
    </ClCompile>
    <ClCompile Include="..\libzip\lib\zip_error_strerror.c">
      <Filter>source</Filter>
    </ClCompile>
    <ClCompile Include="..\libzip\lib\zip_error_to_str.c">
      <Filter>source</Filter>
    </ClCompile>
    <ClCompile Include="..\libzip\lib\zip_extra_field.c">
      <Filter>source</Filter>
    </ClCompile>
    <ClCompile Include="..\libzip\lib\zip_extra_field_api.c">
      <Filter>source</Filter>
    </ClCompile>
    <ClCompile Include="..\libzip\lib\zip_fclose.c">
      <Filter>source</Filter>
    </ClCompile>
    <ClCompile Include="..\libzip\lib\zip_fdopen.c">
      <Filter>source</Filter>
    </ClCompile>
    <ClCompile Include="..\libzip\lib\zip_file_add.c">
      <Filter>source</Filter>
    </ClCompile>
    <ClCompile Include="..\libzip\lib\zip_file_error_clear.c">
      <Filter>source</Filter>
    </ClCompile>
    <ClCompile Include="..\libzip\lib\zip_file_error_get.c">
      <Filter>source</Filter>
    </ClCompile>
    <ClCompile Include="..\libzip\lib\zip_file_get_comment.c">
      <Filter>source</Filter>
    </ClCompile>
    <ClCompile Include="..\libzip\lib\zip_file_get_external_attributes.c">
      <Filter>source</Filter>
    </ClCompile>
    <ClCompile Include="..\libzip\lib\zip_file_get_offset.c">
      <Filter>source</Filter>
    </ClCompile>
    <ClCompile Include="..\libzip\lib\zip_file_rename.c">
      <Filter>source</Filter>
    </ClCompile>
    <ClCompile Include="..\libzip\lib\zip_file_replace.c">
      <Filter>source</Filter>
    </ClCompile>
    <ClCompile Include="..\libzip\lib\zip_file_set_comment.c">
      <Filter>source</Filter>
    </ClCompile>
    <ClCompile Include="..\libzip\lib\zip_file_set_encryption.c">
      <Filter>source</Filter>
    </ClCompile>
    <ClCompile Include="..\libzip\lib\zip_file_set_external_attributes.c">
      <Filter>source</Filter>
    </ClCompile>
    <ClCompile Include="..\libzip\lib\zip_file_set_mtime.c">
      <Filter>source</Filter>
    </ClCompile>
    <ClCompile Include="..\libzip\lib\zip_file_strerror.c">
      <Filter>source</Filter>
    </ClCompile>
    <ClCompile Include="..\libzip\lib\zip_filerange_crc.c">
      <Filter>source</Filter>
    </ClCompile>
    <ClCompile Include="..\libzip\lib\zip_fopen.c">
      <Filter>source</Filter>
    </ClCompile>
    <ClCompile Include="..\libzip\lib\zip_fopen_encrypted.c">
      <Filter>source</Filter>
    </ClCompile>
    <ClCompile Include="..\libzip\lib\zip_fopen_index.c">
      <Filter>source</Filter>
    </ClCompile>
    <ClCompile Include="..\libzip\lib\zip_fopen_index_encrypted.c">
      <Filter>source</Filter>
    </ClCompile>
    <ClCompile Include="..\libzip\lib\zip_fread.c">
      <Filter>source</Filter>
    </ClCompile>
    <ClCompile Include="..\libzip\lib\zip_fseek.c">
      <Filter>source</Filter>
    </ClCompile>
    <ClCompile Include="..\libzip\lib\zip_ftell.c">
      <Filter>source</Filter>
    </ClCompile>
    <ClCompile Include="..\libzip\lib\zip_get_archive_comment.c">
      <Filter>source</Filter>
    </ClCompile>
    <ClCompile Include="..\libzip\lib\zip_get_archive_flag.c">
      <Filter>source</Filter>
    </ClCompile>
    <ClCompile Include="..\libzip\lib\zip_get_encryption_implementation.c">
      <Filter>source</Filter>
    </ClCompile>
    <ClCompile Include="..\libzip\lib\zip_get_file_comment.c">
      <Filter>source</Filter>
    </ClCompile>
    <ClCompile Include="..\libzip\lib\zip_get_name.c">
      <Filter>source</Filter>
    </ClCompile>
    <ClCompile Include="..\libzip\lib\zip_get_num_entries.c">
      <Filter>source</Filter>
    </ClCompile>
    <ClCompile Include="..\libzip\lib\zip_get_num_files.c">
      <Filter>source</Filter>
    </ClCompile>
    <ClCompile Include="..\libzip\lib\zip_hash.c">
      <Filter>source</Filter>
    </ClCompile>
    <ClCompile Include="..\libzip\lib\zip_io_util.c">
      <Filter>source</Filter>
    </ClCompile>
    <ClCompile Include="..\libzip\lib\zip_libzip_version.c">
      <Filter>source</Filter>
    </ClCompile>
    <ClCompile Include="..\libzip\lib\zip_memdup.c">
      <Filter>source</Filter>
    </ClCompile>
    <ClCompile Include="..\libzip\lib\zip_mkstempm.c">
      <Filter>source</Filter>
    </ClCompile>
    <ClCompile Include="..\libzip\lib\zip_name_locate.c">
      <Filter>source</Filter>
    </ClCompile>
    <ClCompile Include="..\libzip\lib\zip_new.c">
      <Filter>source</Filter>
    </ClCompile>
    <ClCompile Include="..\libzip\lib\zip_open.c">
      <Filter>source</Filter>
    </ClCompile>
    <ClCompile Include="..\libzip\lib\zip_progress.c">
      <Filter>source</Filter>
    </ClCompile>
    <ClCompile Include="..\libzip\lib\zip_random_win32.c">
      <Filter>source</Filter>
    </ClCompile>
    <ClCompile Include="..\libzip\lib\zip_rename.c">
      <Filter>source</Filter>
    </ClCompile>
    <ClCompile Include="..\libzip\lib\zip_replace.c">
      <Filter>source</Filter>
    </ClCompile>
    <ClCompile Include="..\libzip\lib\zip_set_archive_comment.c">
      <Filter>source</Filter>
    </ClCompile>
    <ClCompile Include="..\libzip\lib\zip_set_archive_flag.c">
      <Filter>source</Filter>
    </ClCompile>
    <ClCompile Include="..\libzip\lib\zip_set_default_password.c">
      <Filter>source</Filter>
    </ClCompile>
    <ClCompile Include="..\libzip\lib\zip_set_file_comment.c">
      <Filter>source</Filter>
    </ClCompile>
    <ClCompile Include="..\libzip\lib\zip_set_file_compression.c">
      <Filter>source</Filter>
    </ClCompile>
    <ClCompile Include="..\libzip\lib\zip_set_name.c">
      <Filter>source</Filter>
    </ClCompile>
    <ClCompile Include="..\libzip\lib\zip_source_accept_empty.c">
      <Filter>source</Filter>
    </ClCompile>
    <ClCompile Include="..\libzip\lib\zip_source_begin_write.c">
      <Filter>source</Filter>
    </ClCompile>
    <ClCompile Include="..\libzip\lib\zip_source_begin_write_cloning.c">
      <Filter>source</Filter>
    </ClCompile>
    <ClCompile Include="..\libzip\lib\zip_source_buffer.c">
      <Filter>source</Filter>
    </ClCompile>
    <ClCompile Include="..\libzip\lib\zip_source_call.c">
      <Filter>source</Filter>
    </ClCompile>
    <ClCompile Include="..\libzip\lib\zip_source_close.c">
      <Filter>source</Filter>
    </ClCompile>
    <ClCompile Include="..\libzip\lib\zip_source_commit_write.c">
      <Filter>source</Filter>
    </ClCompile>
    <ClCompile Include="..\libzip\lib\zip_source_compress.c">
      <Filter>source</Filter>
    </ClCompile>
    <ClCompile Include="..\libzip\lib\zip_source_crc.c">
      <Filter>source</Filter>
    </ClCompile>
    <ClCompile Include="..\libzip\lib\zip_source_error.c">
      <Filter>source</Filter>
    </ClCompile>
    <ClCompile Include="..\libzip\lib\zip_source_filep.c">
      <Filter>source</Filter>
    </ClCompile>
    <ClCompile Include="..\libzip\lib\zip_source_free.c">
      <Filter>source</Filter>
    </ClCompile>
    <ClCompile Include="..\libzip\lib\zip_source_function.c">
      <Filter>source</Filter>
    </ClCompile>
    <ClCompile Include="..\libzip\lib\zip_source_get_compression_flags.c">
      <Filter>source</Filter>
    </ClCompile>
    <ClCompile Include="..\libzip\lib\zip_source_is_deleted.c">
      <Filter>source</Filter>
    </ClCompile>
    <ClCompile Include="..\libzip\lib\zip_source_layered.c">
      <Filter>source</Filter>
    </ClCompile>
    <ClCompile Include="..\libzip\lib\zip_source_open.c">
      <Filter>source</Filter>
    </ClCompile>
    <ClCompile Include="..\libzip\lib\zip_source_pkware.c">
      <Filter>source</Filter>
    </ClCompile>
    <ClCompile Include="..\libzip\lib\zip_source_read.c">
      <Filter>source</Filter>
    </ClCompile>
    <ClCompile Include="..\libzip\lib\zip_source_remove.c">
      <Filter>source</Filter>
    </ClCompile>
    <ClCompile Include="..\libzip\lib\zip_source_rollback_write.c">
      <Filter>source</Filter>
    </ClCompile>
    <ClCompile Include="..\libzip\lib\zip_source_seek.c">
      <Filter>source</Filter>
    </ClCompile>
    <ClCompile Include="..\libzip\lib\zip_source_seek_write.c">
      <Filter>source</Filter>
    </ClCompile>
    <ClCompile Include="..\libzip\lib\zip_source_stat.c">
      <Filter>source</Filter>
    </ClCompile>
    <ClCompile Include="..\libzip\lib\zip_source_supports.c">
      <Filter>source</Filter>
    </ClCompile>
    <ClCompile Include="..\libzip\lib\zip_source_tell.c">
      <Filter>source</Filter>
    </ClCompile>
    <ClCompile Include="..\libzip\lib\zip_source_tell_write.c">
      <Filter>source</Filter>
    </ClCompile>
    <ClCompile Include="..\libzip\lib\zip_source_win32a.c">
      <Filter>source</Filter>
    </ClCompile>
    <ClCompile Include="..\libzip\lib\zip_source_win32handle.c">
      <Filter>source</Filter>
    </ClCompile>
    <ClCompile Include="..\libzip\lib\zip_source_win32utf8.c">
      <Filter>source</Filter>
    </ClCompile>
    <ClCompile Include="..\libzip\lib\zip_source_win32w.c">
      <Filter>source</Filter>
    </ClCompile>
    <ClCompile Include="..\libzip\lib\zip_source_window.c">
      <Filter>source</Filter>
    </ClCompile>
    <ClCompile Include="..\libzip\lib\zip_source_winzip_aes_decode.c">
      <Filter>source</Filter>
    </ClCompile>
    <ClCompile Include="..\libzip\lib\zip_source_winzip_aes_encode.c">
      <Filter>source</Filter>
    </ClCompile>
    <ClCompile Include="..\libzip\lib\zip_source_write.c">
      <Filter>source</Filter>
    </ClCompile>
    <ClCompile Include="..\libzip\lib\zip_source_zip.c">
      <Filter>source</Filter>
    </ClCompile>
    <ClCompile Include="..\libzip\lib\zip_source_zip_new.c">
      <Filter>source</Filter>
    </ClCompile>
    <ClCompile Include="..\libzip\lib\zip_stat.c">
      <Filter>source</Filter>
    </ClCompile>
    <ClCompile Include="..\libzip\lib\zip_stat_index.c">
      <Filter>source</Filter>
    </ClCompile>
    <ClCompile Include="..\libzip\lib\zip_stat_init.c">
      <Filter>source</Filter>
    </ClCompile>
    <ClCompile Include="..\libzip\lib\zip_strerror.c">
      <Filter>source</Filter>
    </ClCompile>
    <ClCompile Include="..\libzip\lib\zip_string.c">
      <Filter>source</Filter>
    </ClCompile>
    <ClCompile Include="..\libzip\lib\zip_unchange.c">
      <Filter>source</Filter>
    </ClCompile>
    <ClCompile Include="..\libzip\lib\zip_unchange_all.c">
      <Filter>source</Filter>
    </ClCompile>
    <ClCompile Include="..\libzip\lib\zip_unchange_archive.c">
      <Filter>source</Filter>
    </ClCompile>
    <ClCompile Include="..\libzip\lib\zip_unchange_data.c">
      <Filter>source</Filter>
    </ClCompile>
    <ClCompile Include="..\libzip\lib\zip_utf-8.c">
      <Filter>source</Filter>
    </ClCompile>
    <ClCompile Include="..\libzip\lib\zip_winzip_aes.c">
      <Filter>source</Filter>
    </ClCompile>
  </ItemGroup>
  <ItemGroup>
    <Filter Include="source">
      <UniqueIdentifier>{5a692c70-25c7-4940-bc5e-e7973d2deb66}</UniqueIdentifier>
    </Filter>
    <Filter Include="header">
      <UniqueIdentifier>{b89f7b4d-d088-4b99-80a4-bd9bbac07184}</UniqueIdentifier>
    </Filter>
  </ItemGroup>
  <ItemGroup>
    <ClInclude Include="zipconf.h">
      <Filter>header</Filter>
    </ClInclude>
  </ItemGroup>
</Project>