
Microsoft Visual Studio Solution File, Format Version 12.00
# Visual Studio Version 16
VisualStudioVersion = 16.0.29709.97
MinimumVisualStudioVersion = 10.0.40219.1
Project("{8BC9CEB8-8B4A-11D0-8D11-00A0C91BC942}") = "usbpv_cap", "usbpv_cap.vcxproj", "{9651D64C-6676-4921-BE59-51A1E327ECAF}"
	ProjectSection(ProjectDependencies) = postProject
		{745DEC58-EBB3-47A9-A9B8-4C6627C01BF8} = {745DEC58-EBB3-47A9-A9B8-4C6627C01BF8}
		{349EE8F9-7D25-4909-AAF5-FF3FADE72187} = {349EE8F9-7D25-4909-AAF5-FF3FADE72187}
	EndProjectSection
EndProject
Project("{8BC9CEB8-8B4A-11D0-8D11-00A0C91BC942}") = "libusb-1.0 (static)", "..\libusb-1.0.23\msvc\libusb_static_2015.vcxproj", "{349EE8F9-7D25-4909-AAF5-FF3FADE72187}"
EndProject
Project("{8BC9CEB8-8B4A-11D0-8D11-00A0C91BC942}") = "zlibstat", "..\zlib\contrib\vstudio\vc14\zlibstat.vcxproj", "{745DEC58-EBB3-47A9-A9B8-4C6627C01BF8}"
EndProject
Project("{8BC9CEB8-8B4A-11D0-8D11-00A0C91BC942}") = "libzip", "libzip.vcxproj", "{9651D64C-6676-4921-BE59-51A1E327ECFA}"
EndProject
Global
	GlobalSection(SolutionConfigurationPlatforms) = preSolution
		Debug|Itanium = Debug|Itanium
		Debug|x64 = Debug|x64
		Debug|x86 = Debug|x86
		Release|Itanium = Release|Itanium
		Release|x64 = Release|x64
		Release|x86 = Release|x86
		ReleaseWithoutAsm|Itanium = ReleaseWithoutAsm|Itanium
		ReleaseWithoutAsm|x64 = ReleaseWithoutAsm|x64
		ReleaseWithoutAsm|x86 = ReleaseWithoutAsm|x86
	EndGlobalSection
	GlobalSection(ProjectConfigurationPlatforms) = postSolution
		{9651D64C-6676-4921-BE59-51A1E327ECAF}.Debug|Itanium.ActiveCfg = Debug|Win32
		{9651D64C-6676-4921-BE59-51A1E327ECAF}.Debug|x64.ActiveCfg = Debug|x64
		{9651D64C-6676-4921-BE59-51A1E327ECAF}.Debug|x64.Build.0 = Debug|x64
		{9651D64C-6676-4921-BE59-51A1E327ECAF}.Debug|x86.ActiveCfg = Debug|Win32
		{9651D64C-6676-4921-BE59-51A1E327ECAF}.Debug|x86.Build.0 = Debug|Win32
		{9651D64C-6676-4921-BE59-51A1E327ECAF}.Release|Itanium.ActiveCfg = Release|Win32
		{9651D64C-6676-4921-BE59-51A1E327ECAF}.Release|x64.ActiveCfg = Release|x64
		{9651D64C-6676-4921-BE59-51A1E327ECAF}.Release|x64.Build.0 = Release|x64
		{9651D64C-6676-4921-BE59-51A1E327ECAF}.Release|x86.ActiveCfg = Release|Win32
		{9651D64C-6676-4921-BE59-51A1E327ECAF}.Release|x86.Build.0 = Release|Win32
		{9651D64C-6676-4921-BE59-51A1E327ECAF}.ReleaseWithoutAsm|Itanium.ActiveCfg = Release|x64
		{9651D64C-6676-4921-BE59-51A1E327ECAF}.ReleaseWithoutAsm|Itanium.Build.0 = Release|x64
		{9651D64C-6676-4921-BE59-51A1E327ECAF}.ReleaseWithoutAsm|x64.ActiveCfg = Release|x64
		{9651D64C-6676-4921-BE59-51A1E327ECAF}.ReleaseWithoutAsm|x64.Build.0 = Release|x64
		{9651D64C-6676-4921-BE59-51A1E327ECAF}.ReleaseWithoutAsm|x86.ActiveCfg = Release|Win32
		{9651D64C-6676-4921-BE59-51A1E327ECAF}.ReleaseWithoutAsm|x86.Build.0 = Release|Win32
		{349EE8F9-7D25-4909-AAF5-FF3FADE72187}.Debug|Itanium.ActiveCfg = Debug|Win32
		{349EE8F9-7D25-4909-AAF5-FF3FADE72187}.Debug|x64.ActiveCfg = Debug|x64
		{349EE8F9-7D25-4909-AAF5-FF3FADE72187}.Debug|x64.Build.0 = Debug|x64
		{349EE8F9-7D25-4909-AAF5-FF3FADE72187}.Debug|x86.ActiveCfg = Debug|Win32
		{349EE8F9-7D25-4909-AAF5-FF3FADE72187}.Debug|x86.Build.0 = Debug|Win32
		{349EE8F9-7D25-4909-AAF5-FF3FADE72187}.Release|Itanium.ActiveCfg = Release|Win32
		{349EE8F9-7D25-4909-AAF5-FF3FADE72187}.Release|x64.ActiveCfg = Release|x64
		{349EE8F9-7D25-4909-AAF5-FF3FADE72187}.Release|x64.Build.0 = Release|x64
		{349EE8F9-7D25-4909-AAF5-FF3FADE72187}.Release|x86.ActiveCfg = Release|Win32
		{349EE8F9-7D25-4909-AAF5-FF3FADE72187}.Release|x86.Build.0 = Release|Win32
		{349EE8F9-7D25-4909-AAF5-FF3FADE72187}.ReleaseWithoutAsm|Itanium.ActiveCfg = Release|x64
		{349EE8F9-7D25-4909-AAF5-FF3FADE72187}.ReleaseWithoutAsm|Itanium.Build.0 = Release|x64
		{349EE8F9-7D25-4909-AAF5-FF3FADE72187}.ReleaseWithoutAsm|x64.ActiveCfg = Release|x64
		{349EE8F9-7D25-4909-AAF5-FF3FADE72187}.ReleaseWithoutAsm|x64.Build.0 = Release|x64
		{349EE8F9-7D25-4909-AAF5-FF3FADE72187}.ReleaseWithoutAsm|x86.ActiveCfg = Release|Win32
		{349EE8F9-7D25-4909-AAF5-FF3FADE72187}.ReleaseWithoutAsm|x86.Build.0 = Release|Win32
		{745DEC58-EBB3-47A9-A9B8-4C6627C01BF8}.Debug|Itanium.ActiveCfg = Debug|Itanium
		{745DEC58-EBB3-47A9-A9B8-4C6627C01BF8}.Debug|Itanium.Build.0 = Debug|Itanium
		{745DEC58-EBB3-47A9-A9B8-4C6627C01BF8}.Debug|x64.ActiveCfg = Debug|x64
		{745DEC58-EBB3-47A9-A9B8-4C6627C01BF8}.Debug|x64.Build.0 = Debug|x64
		{745DEC58-EBB3-47A9-A9B8-4C6627C01BF8}.Debug|x86.ActiveCfg = Debug|Win32
		{745DEC58-EBB3-47A9-A9B8-4C6627C01BF8}.Debug|x86.Build.0 = Debug|Win32
		{745DEC58-EBB3-47A9-A9B8-4C6627C01BF8}.Release|Itanium.ActiveCfg = Release|Itanium
		{745DEC58-EBB3-47A9-A9B8-4C6627C01BF8}.Release|Itanium.Build.0 = Release|Itanium
		{745DEC58-EBB3-47A9-A9B8-4C6627C01BF8}.Release|x64.ActiveCfg = Release|x64
		{745DEC58-EBB3-47A9-A9B8-4C6627C01BF8}.Release|x64.Build.0 = Release|x64
		{745DEC58-EBB3-47A9-A9B8-4C6627C01BF8}.Release|x86.ActiveCfg = Release|Win32
		{745DEC58-EBB3-47A9-A9B8-4C6627C01BF8}.Release|x86.Build.0 = Release|Win32
		{745DEC58-EBB3-47A9-A9B8-4C6627C01BF8}.ReleaseWithoutAsm|Itanium.ActiveCfg = ReleaseWithoutAsm|Itanium
		{745DEC58-EBB3-47A9-A9B8-4C6627C01BF8}.ReleaseWithoutAsm|Itanium.Build.0 = ReleaseWithoutAsm|Itanium
		{745DEC58-EBB3-47A9-A9B8-4C6627C01BF8}.ReleaseWithoutAsm|x64.ActiveCfg = ReleaseWithoutAsm|x64
		{745DEC58-EBB3-47A9-A9B8-4C6627C01BF8}.ReleaseWithoutAsm|x64.Build.0 = ReleaseWithoutAsm|x64
		{745DEC58-EBB3-47A9-A9B8-4C6627C01BF8}.ReleaseWithoutAsm|x86.ActiveCfg = ReleaseWithoutAsm|Win32
		{745DEC58-EBB3-47A9-A9B8-4C6627C01BF8}.ReleaseWithoutAsm|x86.Build.0 = ReleaseWithoutAsm|Win32
		{9651D64C-6676-4921-BE59-51A1E327ECFA}.Debug|Itanium.ActiveCfg = Debug|Win32
		{9651D64C-6676-4921-BE59-51A1E327ECFA}.Debug|x64.ActiveCfg = Debug|x64
		{9651D64C-6676-4921-BE59-51A1E327ECFA}.Debug|x64.Build.0 = Debug|x64
		{9651D64C-6676-4921-BE59-51A1E327ECFA}.Debug|x86.ActiveCfg = Debug|Win32
		{9651D64C-6676-4921-BE59-51A1E327ECFA}.Debug|x86.Build.0 = Debug|Win32
		{9651D64C-6676-4921-BE59-51A1E327ECFA}.Release|Itanium.ActiveCfg = Release|Win32
		{9651D64C-6676-4921-BE59-51A1E327ECFA}.Release|x64.ActiveCfg = Release|x64
		{9651D64C-6676-4921-BE59-51A1E327ECFA}.Release|x64.Build.0 = Release|x64
		{9651D64C-6676-4921-BE59-51A1E327ECFA}.Release|x86.ActiveCfg = Release|Win32
		{9651D64C-6676-4921-BE59-51A1E327ECFA}.Release|x86.Build.0 = Release|Win32
		{9651D64C-6676-4921-BE59-51A1E327ECFA}.ReleaseWithoutAsm|Itanium.ActiveCfg = Release|x64
		{9651D64C-6676-4921-BE59-51A1E327ECFA}.ReleaseWithoutAsm|Itanium.Build.0 = Release|x64
		{9651D64C-6676-4921-BE59-51A1E327ECFA}.ReleaseWithoutAsm|x64.ActiveCfg = Release|x64
		{9651D64C-6676-4921-BE59-51A1E327ECFA}.ReleaseWithoutAsm|x64.Build.0 = Release|x64
		{9651D64C-6676-4921-BE59-51A1E327ECFA}.ReleaseWithoutAsm|x86.ActiveCfg = Release|Win32
		{9651D64C-6676-4921-BE59-51A1E327ECFA}.ReleaseWithoutAsm|x86.Build.0 = Release|Win32
	EndGlobalSection
	GlobalSection(SolutionProperties) = preSolution
		HideSolutionNode = FALSE
	EndGlobalSection
	GlobalSection(ExtensibilityGlobals) = postSolution
		SolutionGuid = {8FF85D47-D402-44FD-936C-20D3C8B6F394}
	EndGlobalSection
EndGlobal
